# THIS IS AN AUTOGENERATED FILE. DO NOT EDIT THIS FILE DIRECTLY.
# yarn lockfile v1


leite@^0.1.0:
  version "0.1.0"
  resolved "https://registry.yarnpkg.com/leite/-/leite-0.1.0.tgz#5ebc4f15ad50a70e175b5f0c9d3462f41edf3910"
  dependencies:
    moment "^2.17.0"
    underscore "^1.8.3"

moment@^2.17.0:
  version "2.22.2"
  resolved "https://registry.yarnpkg.com/moment/-/moment-2.22.2.tgz#3c257f9839fc0e93ff53149632239eb90783ff66"

underscore@^1.8.3:
  version "1.9.1"
  resolved "https://registry.yarnpkg.com/underscore/-/underscore-1.9.1.tgz#06dce34a0e68a7babc29b365b8e74b8925203961"
